
Microsoft Visual Studio Solution File, Format Version 12.00
# Visual Studio Version 17
VisualStudioVersion = 17.5.33424.131
MinimumVisualStudioVersion = 10.0.40219.1
Project("{9A19103F-16F7-4668-BE54-9A1E7A4F7556}") = "WebClientApiKey", "WebApplication30\WebClientApiKey.csproj", "{8B642B65-826C-4C83-9358-8BD56D5C858C}"
EndProject
Project("{FAE04EC0-301F-11D3-BF4B-00C04F79EFBC}") = "ConsoleApp1", "ConsoleApp1\ConsoleApp1.csproj", "{660C0248-E1B5-473B-9745-6BC5F6B57978}"
EndProject
Project("{FAE04EC0-301F-11D3-BF4B-00C04F79EFBC}") = "Authoriz", "Authoriz\Authoriz.csproj", "{F6CCF797-8E13-4514-ACE3-4EC4C7817D94}"
EndProject
Global
	GlobalSection(SolutionConfigurationPlatforms) = preSolution
		Debug|Any CPU = Debug|Any CPU
		Release|Any CPU = Release|Any CPU
	EndGlobalSection
	GlobalSection(ProjectConfigurationPlatforms) = postSolution
		{8B642B65-826C-4C83-9358-8BD56D5C858C}.Debug|Any CPU.ActiveCfg = Debug|Any CPU
		{8B642B65-826C-4C83-9358-8BD56D5C858C}.Debug|Any CPU.Build.0 = Debug|Any CPU
		{8B642B65-826C-4C83-9358-8BD56D5C858C}.Release|Any CPU.ActiveCfg = Release|Any CPU
		{8B642B65-826C-4C83-9358-8BD56D5C858C}.Release|Any CPU.Build.0 = Release|Any CPU
		{660C0248-E1B5-473B-9745-6BC5F6B57978}.Debug|Any CPU.ActiveCfg = Debug|Any CPU
		{660C0248-E1B5-473B-9745-6BC5F6B57978}.Debug|Any CPU.Build.0 = Debug|Any CPU
		{660C0248-E1B5-473B-9745-6BC5F6B57978}.Release|Any CPU.ActiveCfg = Release|Any CPU
		{660C0248-E1B5-473B-9745-6BC5F6B57978}.Release|Any CPU.Build.0 = Release|Any CPU
		{F6CCF797-8E13-4514-ACE3-4EC4C7817D94}.Debug|Any CPU.ActiveCfg = Debug|Any CPU
		{F6CCF797-8E13-4514-ACE3-4EC4C7817D94}.Debug|Any CPU.Build.0 = Debug|Any CPU
		{F6CCF797-8E13-4514-ACE3-4EC4C7817D94}.Release|Any CPU.ActiveCfg = Release|Any CPU
		{F6CCF797-8E13-4514-ACE3-4EC4C7817D94}.Release|Any CPU.Build.0 = Release|Any CPU
	EndGlobalSection
	GlobalSection(SolutionProperties) = preSolution
		HideSolutionNode = FALSE
	EndGlobalSection
	GlobalSection(ExtensibilityGlobals) = postSolution
		SolutionGuid = {62D3167D-C74B-4B82-9902-30ED9349B5BA}
	EndGlobalSection
EndGlobal
